
Microsoft Visual Studio Solution File, Format Version 12.00
# Visual Studio Version 17
VisualStudioVersion = 17.5.002.0
MinimumVisualStudioVersion = 10.0.40219.1
Project("{9A19103F-16F7-4668-BE54-9A1E7A4F7556}") = "B3Alert", "B3Alert.csproj", "{3CAC9C56-F692-43E4-8091-6EF2DFACA853}"
EndProject
Global
	GlobalSection(SolutionConfigurationPlatforms) = preSolution
		Debug|Any CPU = Debug|Any CPU
		Release|Any CPU = Release|Any CPU
	EndGlobalSection
	GlobalSection(ProjectConfigurationPlatforms) = postSolution
		{3CAC9C56-F692-43E4-8091-6EF2DFACA853}.Debug|Any CPU.ActiveCfg = Debug|Any CPU
		{3CAC9C56-F692-43E4-8091-6EF2DFACA853}.Debug|Any CPU.Build.0 = Debug|Any CPU
		{3CAC9C56-F692-43E4-8091-6EF2DFACA853}.Release|Any CPU.ActiveCfg = Release|Any CPU
		{3CAC9C56-F692-43E4-8091-6EF2DFACA853}.Release|Any CPU.Build.0 = Release|Any CPU
	EndGlobalSection
	GlobalSection(SolutionProperties) = preSolution
		HideSolutionNode = FALSE
	EndGlobalSection
	GlobalSection(ExtensibilityGlobals) = postSolution
		SolutionGuid = {0A8A1F5E-35CF-45E4-9C36-E192BE6851B3}
	EndGlobalSection
EndGlobal
